
Microsoft Visual Studio Solution File, Format Version 12.00
# Visual Studio Version 17
VisualStudioVersion = 17.3.32901.215
MinimumVisualStudioVersion = 10.0.40219.1
Project("{FAE04EC0-301F-11D3-BF4B-00C04F79EFBC}") = "MyCalculatorApp", "MyCalculatorApp\MyCalculatorApp.csproj", "{06AA55A8-5F20-42BD-B063-A7011736330E}"
EndProject
Global
	GlobalSection(SolutionConfigurationPlatforms) = preSolution
		Debug|Any CPU = Debug|Any CPU
		Release|Any CPU = Release|Any CPU
	EndGlobalSection
	GlobalSection(ProjectConfigurationPlatforms) = postSolution
		{06AA55A8-5F20-42BD-B063-A7011736330E}.Debug|Any CPU.ActiveCfg = Debug|Any CPU
		{06AA55A8-5F20-42BD-B063-A7011736330E}.Debug|Any CPU.Build.0 = Debug|Any CPU
		{06AA55A8-5F20-42BD-B063-A7011736330E}.Release|Any CPU.ActiveCfg = Release|Any CPU
		{06AA55A8-5F20-42BD-B063-A7011736330E}.Release|Any CPU.Build.0 = Release|Any CPU
	EndGlobalSection
	GlobalSection(SolutionProperties) = preSolution
		HideSolutionNode = FALSE
	EndGlobalSection
	GlobalSection(ExtensibilityGlobals) = postSolution
		SolutionGuid = {F28C0C72-7C03-4539-BB72-1B919E3719C2}
	EndGlobalSection
EndGlobal
